
Microsoft Visual Studio Solution File, Format Version 12.00
# Visual Studio Version 16
VisualStudioVersion = 16.0.30611.23
MinimumVisualStudioVersion = 10.0.40219.1
Project("{FAE04EC0-301F-11D3-BF4B-00C04F79EFBC}") = "Asp.NetCoreBoilerPlate.API", "Asp.NetCoreBoilerPlate.API\Asp.NetCoreBoilerPlate.API.csproj", "{B010B017-B115-4046-9E9D-233B2291F2BC}"
EndProject
Project("{FAE04EC0-301F-11D3-BF4B-00C04F79EFBC}") = "Asp.NetCoreBoilerPlate.Dependencies", "Asp.NetCoreBoilerPlate.Dependencies\Asp.NetCoreBoilerPlate.Dependencies.csproj", "{5ACA0BC9-F59B-46B8-BA46-3EA8C0F321E2}"
EndProject
Global
	GlobalSection(SolutionConfigurationPlatforms) = preSolution
		Debug|Any CPU = Debug|Any CPU
		Release|Any CPU = Release|Any CPU
	EndGlobalSection
	GlobalSection(ProjectConfigurationPlatforms) = postSolution
		{B010B017-B115-4046-9E9D-233B2291F2BC}.Debug|Any CPU.ActiveCfg = Debug|Any CPU
		{B010B017-B115-4046-9E9D-233B2291F2BC}.Debug|Any CPU.Build.0 = Debug|Any CPU
		{B010B017-B115-4046-9E9D-233B2291F2BC}.Release|Any CPU.ActiveCfg = Release|Any CPU
		{B010B017-B115-4046-9E9D-233B2291F2BC}.Release|Any CPU.Build.0 = Release|Any CPU
		{5ACA0BC9-F59B-46B8-BA46-3EA8C0F321E2}.Debug|Any CPU.ActiveCfg = Debug|Any CPU
		{5ACA0BC9-F59B-46B8-BA46-3EA8C0F321E2}.Debug|Any CPU.Build.0 = Debug|Any CPU
		{5ACA0BC9-F59B-46B8-BA46-3EA8C0F321E2}.Release|Any CPU.ActiveCfg = Release|Any CPU
		{5ACA0BC9-F59B-46B8-BA46-3EA8C0F321E2}.Release|Any CPU.Build.0 = Release|Any CPU
	EndGlobalSection
	GlobalSection(SolutionProperties) = preSolution
		HideSolutionNode = FALSE
	EndGlobalSection
	GlobalSection(ExtensibilityGlobals) = postSolution
		SolutionGuid = {EAD0684F-13C1-4CFE-981A-D81E9E7FB31B}
	EndGlobalSection
EndGlobal
